
Microsoft Visual Studio Solution File, Format Version 12.00
# Visual Studio Version 17
VisualStudioVersion = 17.14.36127.28 d17.14
MinimumVisualStudioVersion = 10.0.40219.1
Project("{FAE04EC0-301F-11D3-BF4B-00C04F79EFBC}") = "Calculator", "Calculator\Calculator.csproj", "{01B6514D-9571-439C-ABAB-315D30AD4893}"
EndProject
Global
	GlobalSection(SolutionConfigurationPlatforms) = preSolution
		Debug|Any CPU = Debug|Any CPU
		Release|Any CPU = Release|Any CPU
	EndGlobalSection
	GlobalSection(ProjectConfigurationPlatforms) = postSolution
		{01B6514D-9571-439C-ABAB-315D30AD4893}.Debug|Any CPU.ActiveCfg = Debug|Any CPU
		{01B6514D-9571-439C-ABAB-315D30AD4893}.Debug|Any CPU.Build.0 = Debug|Any CPU
		{01B6514D-9571-439C-ABAB-315D30AD4893}.Release|Any CPU.ActiveCfg = Release|Any CPU
		{01B6514D-9571-439C-ABAB-315D30AD4893}.Release|Any CPU.Build.0 = Release|Any CPU
	EndGlobalSection
	GlobalSection(SolutionProperties) = preSolution
		HideSolutionNode = FALSE
	EndGlobalSection
	GlobalSection(ExtensibilityGlobals) = postSolution
		SolutionGuid = {FED8E99D-EB94-4CD2-AF29-8DCE9D22261A}
	EndGlobalSection
EndGlobal
